// !$*UTF8*$!
{
	archiveVersion = 1;
	classes = {
	};
	objectVersion = 48;
	objects = {

/* Begin PBXBuildFile section */
		76F2A27D21B0044AEB9AA58C /* Pods_DemoTests.framework in Frameworks */ = {isa = PBXBuildFile; fileRef = A2B9205C941081779B8086AA /* Pods_DemoTests.framework */; };
		AB20CEAC2068D2090038F90D /* AppDelegate.swift in Sources */ = {isa = PBXBuildFile; fileRef = AB20CEAB2068D2090038F90D /* AppDelegate.swift */; };
		AB20CEAE2068D2090038F90D /* ViewController.swift in Sources */ = {isa = PBXBuildFile; fileRef = AB20CEAD2068D2090038F90D /* ViewController.swift */; };
		AB20CEB12068D2090038F90D /* Main.storyboard in Resources */ = {isa = PBXBuildFile; fileRef = AB20CEAF2068D2090038F90D /* Main.storyboard */; };
		AB20CEB32068D2090038F90D /* Assets.xcassets in Resources */ = {isa = PBXBuildFile; fileRef = AB20CEB22068D2090038F90D /* Assets.xcassets */; };
		AB20CEB62068D2090038F90D /* LaunchScreen.storyboard in Resources */ = {isa = PBXBuildFile; fileRef = AB20CEB42068D2090038F90D /* LaunchScreen.storyboard */; };
		AB20CEC62068D30E0038F90D /* DemoTests.swift in Sources */ = {isa = PBXBuildFile; fileRef = AB20CEC52068D30E0038F90D /* DemoTests.swift */; };
		AB20CECE2068D3380038F90D /* ApplicationTestCase.swift in Sources */ = {isa = PBXBuildFile; fileRef = AB20CECD2068D3380038F90D /* ApplicationTestCase.swift */; };
		AB20CED02068D65D0038F90D /* UIViewExtensionTestCase.swift in Sources */ = {isa = PBXBuildFile; fileRef = AB20CECF2068D65D0038F90D /* UIViewExtensionTestCase.swift */; };
		AB20CED42068D8670038F90D /* TestNib.xib in Resources */ = {isa = PBXBuildFile; fileRef = AB20CED32068D8670038F90D /* TestNib.xib */; };
		AB20CED62068DDC10038F90D /* LoggerTestCase.swift in Sources */ = {isa = PBXBuildFile; fileRef = AB20CED52068DDC10038F90D /* LoggerTestCase.swift */; };
		AB20CEDA2068FAF00038F90D /* UIDeviceExtensionTestCase.swift in Sources */ = {isa = PBXBuildFile; fileRef = AB20CED92068FAF00038F90D /* UIDeviceExtensionTestCase.swift */; };
		C8FDB4C6714F03F36CA22D28 /* Pods_Demo.framework in Frameworks */ = {isa = PBXBuildFile; fileRef = 972B2EF89B8BDDB5CC1F0577 /* Pods_Demo.framework */; };
/* End PBXBuildFile section */

/* Begin PBXContainerItemProxy section */
		AB20CEC82068D30E0038F90D /* PBXContainerItemProxy */ = {
			isa = PBXContainerItemProxy;
			containerPortal = AB20CEA02068D2090038F90D /* Project object */;
			proxyType = 1;
			remoteGlobalIDString = AB20CEA72068D2090038F90D;
			remoteInfo = Demo;
		};
/* End PBXContainerItemProxy section */

/* Begin PBXFileReference section */
		351B1B9ABC5C2A999C5A8D2E /* Pods-Demo.debug.xcconfig */ = {isa = PBXFileReference; includeInIndex = 1; lastKnownFileType = text.xcconfig; name = "Pods-Demo.debug.xcconfig"; path = "Pods/Target Support Files/Pods-Demo/Pods-Demo.debug.xcconfig"; sourceTree = "<group>"; };
		5837BF2FB1899F60A9B654AE /* Pods-DemoTests.debug.xcconfig */ = {isa = PBXFileReference; includeInIndex = 1; lastKnownFileType = text.xcconfig; name = "Pods-DemoTests.debug.xcconfig"; path = "Pods/Target Support Files/Pods-DemoTests/Pods-DemoTests.debug.xcconfig"; sourceTree = "<group>"; };
		78D56A845BE479CCD110D156 /* Pods-Demo.release.xcconfig */ = {isa = PBXFileReference; includeInIndex = 1; lastKnownFileType = text.xcconfig; name = "Pods-Demo.release.xcconfig"; path = "Pods/Target Support Files/Pods-Demo/Pods-Demo.release.xcconfig"; sourceTree = "<group>"; };
		972B2EF89B8BDDB5CC1F0577 /* Pods_Demo.framework */ = {isa = PBXFileReference; explicitFileType = wrapper.framework; includeInIndex = 0; path = Pods_Demo.framework; sourceTree = BUILT_PRODUCTS_DIR; };
		A2B9205C941081779B8086AA /* Pods_DemoTests.framework */ = {isa = PBXFileReference; explicitFileType = wrapper.framework; includeInIndex = 0; path = Pods_DemoTests.framework; sourceTree = BUILT_PRODUCTS_DIR; };
		AB20CEA82068D2090038F90D /* Demo.app */ = {isa = PBXFileReference; explicitFileType = wrapper.application; includeInIndex = 0; path = Demo.app; sourceTree = BUILT_PRODUCTS_DIR; };
		AB20CEAB2068D2090038F90D /* AppDelegate.swift */ = {isa = PBXFileReference; lastKnownFileType = sourcecode.swift; path = AppDelegate.swift; sourceTree = "<group>"; };
		AB20CEAD2068D2090038F90D /* ViewController.swift */ = {isa = PBXFileReference; lastKnownFileType = sourcecode.swift; path = ViewController.swift; sourceTree = "<group>"; };
		AB20CEB02068D2090038F90D /* Base */ = {isa = PBXFileReference; lastKnownFileType = file.storyboard; name = Base; path = Base.lproj/Main.storyboard; sourceTree = "<group>"; };
		AB20CEB22068D2090038F90D /* Assets.xcassets */ = {isa = PBXFileReference; lastKnownFileType = folder.assetcatalog; path = Assets.xcassets; sourceTree = "<group>"; };
		AB20CEB52068D2090038F90D /* Base */ = {isa = PBXFileReference; lastKnownFileType = file.storyboard; name = Base; path = Base.lproj/LaunchScreen.storyboard; sourceTree = "<group>"; };
		AB20CEB72068D2090038F90D /* Info.plist */ = {isa = PBXFileReference; lastKnownFileType = text.plist.xml; path = Info.plist; sourceTree = "<group>"; };
		AB20CEC32068D30E0038F90D /* DemoTests.xctest */ = {isa = PBXFileReference; explicitFileType = wrapper.cfbundle; includeInIndex = 0; path = DemoTests.xctest; sourceTree = BUILT_PRODUCTS_DIR; };
		AB20CEC52068D30E0038F90D /* DemoTests.swift */ = {isa = PBXFileReference; lastKnownFileType = sourcecode.swift; path = DemoTests.swift; sourceTree = "<group>"; };
		AB20CEC72068D30E0038F90D /* Info.plist */ = {isa = PBXFileReference; lastKnownFileType = text.plist.xml; path = Info.plist; sourceTree = "<group>"; };
		AB20CECD2068D3380038F90D /* ApplicationTestCase.swift */ = {isa = PBXFileReference; lastKnownFileType = sourcecode.swift; path = ApplicationTestCase.swift; sourceTree = "<group>"; };
		AB20CECF2068D65D0038F90D /* UIViewExtensionTestCase.swift */ = {isa = PBXFileReference; lastKnownFileType = sourcecode.swift; path = UIViewExtensionTestCase.swift; sourceTree = "<group>"; };
		AB20CED32068D8670038F90D /* TestNib.xib */ = {isa = PBXFileReference; fileEncoding = 4; lastKnownFileType = file.xib; path = TestNib.xib; sourceTree = "<group>"; };
		AB20CED52068DDC10038F90D /* LoggerTestCase.swift */ = {isa = PBXFileReference; lastKnownFileType = sourcecode.swift; path = LoggerTestCase.swift; sourceTree = "<group>"; };
		AB20CED92068FAF00038F90D /* UIDeviceExtensionTestCase.swift */ = {isa = PBXFileReference; lastKnownFileType = sourcecode.swift; path = UIDeviceExtensionTestCase.swift; sourceTree = "<group>"; };
		BB4C38B61D9DEE77B0ED5143 /* Pods-DemoTests.release.xcconfig */ = {isa = PBXFileReference; includeInIndex = 1; lastKnownFileType = text.xcconfig; name = "Pods-DemoTests.release.xcconfig"; path = "Pods/Target Support Files/Pods-DemoTests/Pods-DemoTests.release.xcconfig"; sourceTree = "<group>"; };
/* End PBXFileReference section */

/* Begin PBXFrameworksBuildPhase section */
		AB20CEA52068D2090038F90D /* Frameworks */ = {
			isa = PBXFrameworksBuildPhase;
			buildActionMask = 2147483647;
			files = (
				C8FDB4C6714F03F36CA22D28 /* Pods_Demo.framework in Frameworks */,
			);
			runOnlyForDeploymentPostprocessing = 0;
		};
		AB20CEC02068D30E0038F90D /* Frameworks */ = {
			isa = PBXFrameworksBuildPhase;
			buildActionMask = 2147483647;
			files = (
				76F2A27D21B0044AEB9AA58C /* Pods_DemoTests.framework in Frameworks */,
			);
			runOnlyForDeploymentPostprocessing = 0;
		};
/* End PBXFrameworksBuildPhase section */

/* Begin PBXGroup section */
		7BC30D2DEFF9C76CFA4B6357 /* Frameworks */ = {
			isa = PBXGroup;
			children = (
				972B2EF89B8BDDB5CC1F0577 /* Pods_Demo.framework */,
				A2B9205C941081779B8086AA /* Pods_DemoTests.framework */,
			);
			name = Frameworks;
			sourceTree = "<group>";
		};
		987451C6C9DF6E6869AE708D /* Pods */ = {
			isa = PBXGroup;
			children = (
				351B1B9ABC5C2A999C5A8D2E /* Pods-Demo.debug.xcconfig */,
				78D56A845BE479CCD110D156 /* Pods-Demo.release.xcconfig */,
				5837BF2FB1899F60A9B654AE /* Pods-DemoTests.debug.xcconfig */,
				BB4C38B61D9DEE77B0ED5143 /* Pods-DemoTests.release.xcconfig */,
			);
			name = Pods;
			sourceTree = "<group>";
		};
		AB20CE9F2068D2090038F90D = {
			isa = PBXGroup;
			children = (
				AB20CEAA2068D2090038F90D /* Demo */,
				AB20CEC42068D30E0038F90D /* DemoTests */,
				AB20CEA92068D2090038F90D /* Products */,
				987451C6C9DF6E6869AE708D /* Pods */,
				7BC30D2DEFF9C76CFA4B6357 /* Frameworks */,
			);
			sourceTree = "<group>";
		};
		AB20CEA92068D2090038F90D /* Products */ = {
			isa = PBXGroup;
			children = (
				AB20CEA82068D2090038F90D /* Demo.app */,
				AB20CEC32068D30E0038F90D /* DemoTests.xctest */,
			);
			name = Products;
			sourceTree = "<group>";
		};
		AB20CEAA2068D2090038F90D /* Demo */ = {
			isa = PBXGroup;
			children = (
				AB20CEAB2068D2090038F90D /* AppDelegate.swift */,
				AB20CEAD2068D2090038F90D /* ViewController.swift */,
				AB20CEAF2068D2090038F90D /* Main.storyboard */,
				AB20CEB22068D2090038F90D /* Assets.xcassets */,
				AB20CEB42068D2090038F90D /* LaunchScreen.storyboard */,
				AB20CED32068D8670038F90D /* TestNib.xib */,
				AB20CEB72068D2090038F90D /* Info.plist */,
			);
			path = Demo;
			sourceTree = "<group>";
		};
		AB20CEC42068D30E0038F90D /* DemoTests */ = {
			isa = PBXGroup;
			children = (
				AB20CEC52068D30E0038F90D /* DemoTests.swift */,
				AB20CECD2068D3380038F90D /* ApplicationTestCase.swift */,
				AB20CECF2068D65D0038F90D /* UIViewExtensionTestCase.swift */,
				AB20CED52068DDC10038F90D /* LoggerTestCase.swift */,
				AB20CED92068FAF00038F90D /* UIDeviceExtensionTestCase.swift */,
				AB20CEC72068D30E0038F90D /* Info.plist */,
			);
			path = DemoTests;
			sourceTree = "<group>";
		};
/* End PBXGroup section */

/* Begin PBXNativeTarget section */
		AB20CEA72068D2090038F90D /* Demo */ = {
			isa = PBXNativeTarget;
			buildConfigurationList = AB20CEBA2068D2090038F90D /* Build configuration list for PBXNativeTarget "Demo" */;
			buildPhases = (
				8A12C7B1878BAAEC5D0713DE /* [CP] Check Pods Manifest.lock */,
				AB20CEA42068D2090038F90D /* Sources */,
				AB20CEA52068D2090038F90D /* Frameworks */,
				AB20CEA62068D2090038F90D /* Resources */,
				7353E923AF1476A2580D9B21 /* [CP] Embed Pods Frameworks */,
				C11120021BA9135091C138DF /* [CP] Copy Pods Resources */,
			);
			buildRules = (
			);
			dependencies = (
			);
			name = Demo;
			productName = Demo;
			productReference = AB20CEA82068D2090038F90D /* Demo.app */;
			productType = "com.apple.product-type.application";
		};
		AB20CEC22068D30E0038F90D /* DemoTests */ = {
			isa = PBXNativeTarget;
			buildConfigurationList = AB20CECA2068D30E0038F90D /* Build configuration list for PBXNativeTarget "DemoTests" */;
			buildPhases = (
				288E9BA8C42283EFAE00ADED /* [CP] Check Pods Manifest.lock */,
				AB20CEBF2068D30E0038F90D /* Sources */,
				AB20CEC02068D30E0038F90D /* Frameworks */,
				AB20CEC12068D30E0038F90D /* Resources */,
				F01755CCE14AE6684AF567B5 /* [CP] Embed Pods Frameworks */,
				1BD3D258CF2A33672817BAD8 /* [CP] Copy Pods Resources */,
			);
			buildRules = (
			);
			dependencies = (
				AB20CEC92068D30E0038F90D /* PBXTargetDependency */,
			);
			name = DemoTests;
			productName = DemoTests;
			productReference = AB20CEC32068D30E0038F90D /* DemoTests.xctest */;
			productType = "com.apple.product-type.bundle.unit-test";
		};
/* End PBXNativeTarget section */

/* Begin PBXProject section */
		AB20CEA02068D2090038F90D /* Project object */ = {
			isa = PBXProject;
			attributes = {
				LastSwiftUpdateCheck = 0920;
				LastUpgradeCheck = 0930;
				ORGANIZATIONNAME = DiorStone;
				TargetAttributes = {
					AB20CEA72068D2090038F90D = {
						CreatedOnToolsVersion = 9.2;
						ProvisioningStyle = Automatic;
					};
					AB20CEC22068D30E0038F90D = {
						CreatedOnToolsVersion = 9.2;
						ProvisioningStyle = Automatic;
						TestTargetID = AB20CEA72068D2090038F90D;
					};
				};
			};
			buildConfigurationList = AB20CEA32068D2090038F90D /* Build configuration list for PBXProject "Demo" */;
			compatibilityVersion = "Xcode 8.0";
			developmentRegion = en;
			hasScannedForEncodings = 0;
			knownRegions = (
				en,
				Base,
			);
			mainGroup = AB20CE9F2068D2090038F90D;
			productRefGroup = AB20CEA92068D2090038F90D /* Products */;
			projectDirPath = "";
			projectRoot = "";
			targets = (
				AB20CEA72068D2090038F90D /* Demo */,
				AB20CEC22068D30E0038F90D /* DemoTests */,
			);
		};
/* End PBXProject section */

/* Begin PBXResourcesBuildPhase section */
		AB20CEA62068D2090038F90D /* Resources */ = {
			isa = PBXResourcesBuildPhase;
			buildActionMask = 2147483647;
			files = (
				AB20CEB62068D2090038F90D /* LaunchScreen.storyboard in Resources */,
				AB20CED42068D8670038F90D /* TestNib.xib in Resources */,
				AB20CEB32068D2090038F90D /* Assets.xcassets in Resources */,
				AB20CEB12068D2090038F90D /* Main.storyboard in Resources */,
			);
			runOnlyForDeploymentPostprocessing = 0;
		};
		AB20CEC12068D30E0038F90D /* Resources */ = {
			isa = PBXResourcesBuildPhase;
			buildActionMask = 2147483647;
			files = (
			);
			runOnlyForDeploymentPostprocessing = 0;
		};
/* End PBXResourcesBuildPhase section */

/* Begin PBXShellScriptBuildPhase section */
		1BD3D258CF2A33672817BAD8 /* [CP] Copy Pods Resources */ = {
			isa = PBXShellScriptBuildPhase;
			buildActionMask = 2147483647;
			files = (
			);
			inputPaths = (
			);
			name = "[CP] Copy Pods Resources";
			outputPaths = (
			);
			runOnlyForDeploymentPostprocessing = 0;
			shellPath = /bin/sh;
			shellScript = "\"${SRCROOT}/Pods/Target Support Files/Pods-DemoTests/Pods-DemoTests-resources.sh\"\n";
			showEnvVarsInLog = 0;
		};
		288E9BA8C42283EFAE00ADED /* [CP] Check Pods Manifest.lock */ = {
			isa = PBXShellScriptBuildPhase;
			buildActionMask = 2147483647;
			files = (
			);
			inputPaths = (
				"${PODS_PODFILE_DIR_PATH}/Podfile.lock",
				"${PODS_ROOT}/Manifest.lock",
			);
			name = "[CP] Check Pods Manifest.lock";
			outputPaths = (
				"$(DERIVED_FILE_DIR)/Pods-DemoTests-checkManifestLockResult.txt",
			);
			runOnlyForDeploymentPostprocessing = 0;
			shellPath = /bin/sh;
			shellScript = "diff \"${PODS_PODFILE_DIR_PATH}/Podfile.lock\" \"${PODS_ROOT}/Manifest.lock\" > /dev/null\nif [ $? != 0 ] ; then\n    # print error to STDERR\n    echo \"error: The sandbox is not in sync with the Podfile.lock. Run 'pod install' or update your CocoaPods installation.\" >&2\n    exit 1\nfi\n# This output is used by Xcode 'outputs' to avoid re-running this script phase.\necho \"SUCCESS\" > \"${SCRIPT_OUTPUT_FILE_0}\"\n";
			showEnvVarsInLog = 0;
		};
		7353E923AF1476A2580D9B21 /* [CP] Embed Pods Frameworks */ = {
			isa = PBXShellScriptBuildPhase;
			buildActionMask = 2147483647;
			files = (
			);
			inputPaths = (
				"${SRCROOT}/Pods/Target Support Files/Pods-Demo/Pods-Demo-frameworks.sh",
				"${BUILT_PRODUCTS_DIR}/DSFoundation/DSFoundation.framework",
			);
			name = "[CP] Embed Pods Frameworks";
			outputPaths = (
				"${TARGET_BUILD_DIR}/${FRAMEWORKS_FOLDER_PATH}/DSFoundation.framework",
			);
			runOnlyForDeploymentPostprocessing = 0;
			shellPath = /bin/sh;
			shellScript = "\"${SRCROOT}/Pods/Target Support Files/Pods-Demo/Pods-Demo-frameworks.sh\"\n";
			showEnvVarsInLog = 0;
		};
		8A12C7B1878BAAEC5D0713DE /* [CP] Check Pods Manifest.lock */ = {
			isa = PBXShellScriptBuildPhase;
			buildActionMask = 2147483647;
			files = (
			);
			inputPaths = (
				"${PODS_PODFILE_DIR_PATH}/Podfile.lock",
				"${PODS_ROOT}/Manifest.lock",
			);
			name = "[CP] Check Pods Manifest.lock";
			outputPaths = (
				"$(DERIVED_FILE_DIR)/Pods-Demo-checkManifestLockResult.txt",
			);
			runOnlyForDeploymentPostprocessing = 0;
			shellPath = /bin/sh;
			shellScript = "diff \"${PODS_PODFILE_DIR_PATH}/Podfile.lock\" \"${PODS_ROOT}/Manifest.lock\" > /dev/null\nif [ $? != 0 ] ; then\n    # print error to STDERR\n    echo \"error: The sandbox is not in sync with the Podfile.lock. Run 'pod install' or update your CocoaPods installation.\" >&2\n    exit 1\nfi\n# This output is used by Xcode 'outputs' to avoid re-running this script phase.\necho \"SUCCESS\" > \"${SCRIPT_OUTPUT_FILE_0}\"\n";
			showEnvVarsInLog = 0;
		};
		C11120021BA9135091C138DF /* [CP] Copy Pods Resources */ = {
			isa = PBXShellScriptBuildPhase;
			buildActionMask = 2147483647;
			files = (
			);
			inputPaths = (
			);
			name = "[CP] Copy Pods Resources";
			outputPaths = (
			);
			runOnlyForDeploymentPostprocessing = 0;
			shellPath = /bin/sh;
			shellScript = "\"${SRCROOT}/Pods/Target Support Files/Pods-Demo/Pods-Demo-resources.sh\"\n";
			showEnvVarsInLog = 0;
		};
		F01755CCE14AE6684AF567B5 /* [CP] Embed Pods Frameworks */ = {
			isa = PBXShellScriptBuildPhase;
			buildActionMask = 2147483647;
			files = (
			);
			inputPaths = (
				"${SRCROOT}/Pods/Target Support Files/Pods-DemoTests/Pods-DemoTests-frameworks.sh",
				"${BUILT_PRODUCTS_DIR}/DSFoundation/DSFoundation.framework",
			);
			name = "[CP] Embed Pods Frameworks";
			outputPaths = (
				"${TARGET_BUILD_DIR}/${FRAMEWORKS_FOLDER_PATH}/DSFoundation.framework",
			);
			runOnlyForDeploymentPostprocessing = 0;
			shellPath = /bin/sh;
			shellScript = "\"${SRCROOT}/Pods/Target Support Files/Pods-DemoTests/Pods-DemoTests-frameworks.sh\"\n";
			showEnvVarsInLog = 0;
		};
/* End PBXShellScriptBuildPhase section */

/* Begin PBXSourcesBuildPhase section */
		AB20CEA42068D2090038F90D /* Sources */ = {
			isa = PBXSourcesBuildPhase;
			buildActionMask = 2147483647;
			files = (
				AB20CEAE2068D2090038F90D /* ViewController.swift in Sources */,
				AB20CEAC2068D2090038F90D /* AppDelegate.swift in Sources */,
			);
			runOnlyForDeploymentPostprocessing = 0;
		};
		AB20CEBF2068D30E0038F90D /* Sources */ = {
			isa = PBXSourcesBuildPhase;
			buildActionMask = 2147483647;
			files = (
				AB20CECE2068D3380038F90D /* ApplicationTestCase.swift in Sources */,
				AB20CEC62068D30E0038F90D /* DemoTests.swift in Sources */,
				AB20CEDA2068FAF00038F90D /* UIDeviceExtensionTestCase.swift in Sources */,
				AB20CED02068D65D0038F90D /* UIViewExtensionTestCase.swift in Sources */,
				AB20CED62068DDC10038F90D /* LoggerTestCase.swift in Sources */,
			);
			runOnlyForDeploymentPostprocessing = 0;
		};
/* End PBXSourcesBuildPhase section */

/* Begin PBXTargetDependency section */
		AB20CEC92068D30E0038F90D /* PBXTargetDependency */ = {
			isa = PBXTargetDependency;
			target = AB20CEA72068D2090038F90D /* Demo */;
			targetProxy = AB20CEC82068D30E0038F90D /* PBXContainerItemProxy */;
		};
/* End PBXTargetDependency section */

/* Begin PBXVariantGroup section */
		AB20CEAF2068D2090038F90D /* Main.storyboard */ = {
			isa = PBXVariantGroup;
			children = (
				AB20CEB02068D2090038F90D /* Base */,
			);
			name = Main.storyboard;
			sourceTree = "<group>";
		};
		AB20CEB42068D2090038F90D /* LaunchScreen.storyboard */ = {
			isa = PBXVariantGroup;
			children = (
				AB20CEB52068D2090038F90D /* Base */,
			);
			name = LaunchScreen.storyboard;
			sourceTree = "<group>";
		};
/* End PBXVariantGroup section */

/* Begin XCBuildConfiguration section */
		AB20CEB82068D2090038F90D /* Debug */ = {
			isa = XCBuildConfiguration;
			buildSettings = {
				ALWAYS_SEARCH_USER_PATHS = NO;
				CLANG_ANALYZER_NONNULL = YES;
				CLANG_ANALYZER_NUMBER_OBJECT_CONVERSION = YES_AGGRESSIVE;
				CLANG_CXX_LANGUAGE_STANDARD = "gnu++14";
				CLANG_CXX_LIBRARY = "libc++";
				CLANG_ENABLE_MODULES = YES;
				CLANG_ENABLE_OBJC_ARC = YES;
				CLANG_WARN_BLOCK_CAPTURE_AUTORELEASING = YES;
				CLANG_WARN_BOOL_CONVERSION = YES;
				CLANG_WARN_COMMA = YES;
				CLANG_WARN_CONSTANT_CONVERSION = YES;
				CLANG_WARN_DEPRECATED_OBJC_IMPLEMENTATIONS = YES;
				CLANG_WARN_DIRECT_OBJC_ISA_USAGE = YES_ERROR;
				CLANG_WARN_DOCUMENTATION_COMMENTS = YES;
				CLANG_WARN_EMPTY_BODY = YES;
				CLANG_WARN_ENUM_CONVERSION = YES;
				CLANG_WARN_INFINITE_RECURSION = YES;
				CLANG_WARN_INT_CONVERSION = YES;
				CLANG_WARN_NON_LITERAL_NULL_CONVERSION = YES;
				CLANG_WARN_OBJC_IMPLICIT_RETAIN_SELF = YES;
				CLANG_WARN_OBJC_LITERAL_CONVERSION = YES;
				CLANG_WARN_OBJC_ROOT_CLASS = YES_ERROR;
				CLANG_WARN_RANGE_LOOP_ANALYSIS = YES;
				CLANG_WARN_STRICT_PROTOTYPES = YES;
				CLANG_WARN_SUSPICIOUS_MOVE = YES;
				CLANG_WARN_UNGUARDED_AVAILABILITY = YES_AGGRESSIVE;
				CLANG_WARN_UNREACHABLE_CODE = YES;
				CLANG_WARN__DUPLICATE_METHOD_MATCH = YES;
				CODE_SIGN_IDENTITY = "iPhone Developer";
				COPY_PHASE_STRIP = NO;
				DEBUG_INFORMATION_FORMAT = dwarf;
				ENABLE_STRICT_OBJC_MSGSEND = YES;
				ENABLE_TESTABILITY = YES;
				GCC_C_LANGUAGE_STANDARD = gnu11;
				GCC_DYNAMIC_NO_PIC = NO;
				GCC_NO_COMMON_BLOCKS = YES;
				GCC_OPTIMIZATION_LEVEL = 0;
				GCC_PREPROCESSOR_DEFINITIONS = (
					"DEBUG=1",
					"$(inherited)",
				);
				GCC_WARN_64_TO_32_BIT_CONVERSION = YES;
				GCC_WARN_ABOUT_RETURN_TYPE = YES_ERROR;
				GCC_WARN_UNDECLARED_SELECTOR = YES;
				GCC_WARN_UNINITIALIZED_AUTOS = YES_AGGRESSIVE;
				GCC_WARN_UNUSED_FUNCTION = YES;
				GCC_WARN_UNUSED_VARIABLE = YES;
				IPHONEOS_DEPLOYMENT_TARGET = 11.2;
				MTL_ENABLE_DEBUG_INFO = YES;
				ONLY_ACTIVE_ARCH = YES;
				SDKROOT = iphoneos;
				SWIFT_ACTIVE_COMPILATION_CONDITIONS = DEBUG;
				SWIFT_OPTIMIZATION_LEVEL = "-Onone";
			};
			name = Debug;
		};
		AB20CEB92068D2090038F90D /* Release */ = {
			isa = XCBuildConfiguration;
			buildSettings = {
				ALWAYS_SEARCH_USER_PATHS = NO;
				CLANG_ANALYZER_NONNULL = YES;
				CLANG_ANALYZER_NUMBER_OBJECT_CONVERSION = YES_AGGRESSIVE;
				CLANG_CXX_LANGUAGE_STANDARD = "gnu++14";
				CLANG_CXX_LIBRARY = "libc++";
				CLANG_ENABLE_MODULES = YES;
				CLANG_ENABLE_OBJC_ARC = YES;
				CLANG_WARN_BLOCK_CAPTURE_AUTORELEASING = YES;
				CLANG_WARN_BOOL_CONVERSION = YES;
				CLANG_WARN_COMMA = YES;
				CLANG_WARN_CONSTANT_CONVERSION = YES;
				CLANG_WARN_DEPRECATED_OBJC_IMPLEMENTATIONS = YES;
				CLANG_WARN_DIRECT_OBJC_ISA_USAGE = YES_ERROR;
				CLANG_WARN_DOCUMENTATION_COMMENTS = YES;
				CLANG_WARN_EMPTY_BODY = YES;
				CLANG_WARN_ENUM_CONVERSION = YES;
				CLANG_WARN_INFINITE_RECURSION = YES;
				CLANG_WARN_INT_CONVERSION = YES;
				CLANG_WARN_NON_LITERAL_NULL_CONVERSION = YES;
				CLANG_WARN_OBJC_IMPLICIT_RETAIN_SELF = YES;
				CLANG_WARN_OBJC_LITERAL_CONVERSION = YES;
				CLANG_WARN_OBJC_ROOT_CLASS = YES_ERROR;
				CLANG_WARN_RANGE_LOOP_ANALYSIS = YES;
				CLANG_WARN_STRICT_PROTOTYPES = YES;
				CLANG_WARN_SUSPICIOUS_MOVE = YES;
				CLANG_WARN_UNGUARDED_AVAILABILITY = YES_AGGRESSIVE;
				CLANG_WARN_UNREACHABLE_CODE = YES;
				CLANG_WARN__DUPLICATE_METHOD_MATCH = YES;
				CODE_SIGN_IDENTITY = "iPhone Developer";
				COPY_PHASE_STRIP = NO;
				DEBUG_INFORMATION_FORMAT = "dwarf-with-dsym";
				ENABLE_NS_ASSERTIONS = NO;
				ENABLE_STRICT_OBJC_MSGSEND = YES;
				GCC_C_LANGUAGE_STANDARD = gnu11;
				GCC_NO_COMMON_BLOCKS = YES;
				GCC_WARN_64_TO_32_BIT_CONVERSION = YES;
				GCC_WARN_ABOUT_RETURN_TYPE = YES_ERROR;
				GCC_WARN_UNDECLARED_SELECTOR = YES;
				GCC_WARN_UNINITIALIZED_AUTOS = YES_AGGRESSIVE;
				GCC_WARN_UNUSED_FUNCTION = YES;
				GCC_WARN_UNUSED_VARIABLE = YES;
				IPHONEOS_DEPLOYMENT_TARGET = 11.2;
				MTL_ENABLE_DEBUG_INFO = NO;
				SDKROOT = iphoneos;
				SWIFT_OPTIMIZATION_LEVEL = "-Owholemodule";
				VALIDATE_PRODUCT = YES;
			};
			name = Release;
		};
		AB20CEBB2068D2090038F90D /* Debug */ = {
			isa = XCBuildConfiguration;
			baseConfigurationReference = 351B1B9ABC5C2A999C5A8D2E /* Pods-Demo.debug.xcconfig */;
			buildSettings = {
				ASSETCATALOG_COMPILER_APPICON_NAME = AppIcon;
				CODE_SIGN_IDENTITY = "iPhone Developer";
				CODE_SIGN_STYLE = Automatic;
				DEVELOPMENT_TEAM = K9HGMZYQ7K;
				INFOPLIST_FILE = Demo/Info.plist;
				LD_RUNPATH_SEARCH_PATHS = "$(inherited) @executable_path/Frameworks";
				PRODUCT_BUNDLE_IDENTIFIER = org.diorstone.Demo;
				PRODUCT_NAME = "$(TARGET_NAME)";
				PROVISIONING_PROFILE_SPECIFIER = "";
				SWIFT_VERSION = 4.0;
				TARGETED_DEVICE_FAMILY = "1,2";
			};
			name = Debug;
		};
		AB20CEBC2068D2090038F90D /* Release */ = {
			isa = XCBuildConfiguration;
			baseConfigurationReference = 78D56A845BE479CCD110D156 /* Pods-Demo.release.xcconfig */;
			buildSettings = {
				ASSETCATALOG_COMPILER_APPICON_NAME = AppIcon;
				CODE_SIGN_IDENTITY = "iPhone Developer";
				CODE_SIGN_STYLE = Automatic;
				DEVELOPMENT_TEAM = K9HGMZYQ7K;
				INFOPLIST_FILE = Demo/Info.plist;
				LD_RUNPATH_SEARCH_PATHS = "$(inherited) @executable_path/Frameworks";
				PRODUCT_BUNDLE_IDENTIFIER = org.diorstone.Demo;
				PRODUCT_NAME = "$(TARGET_NAME)";
				PROVISIONING_PROFILE_SPECIFIER = "";
				SWIFT_VERSION = 4.0;
				TARGETED_DEVICE_FAMILY = "1,2";
			};
			name = Release;
		};
		AB20CECB2068D30E0038F90D /* Debug */ = {
			isa = XCBuildConfiguration;
			baseConfigurationReference = 5837BF2FB1899F60A9B654AE /* Pods-DemoTests.debug.xcconfig */;
			buildSettings = {
				BUNDLE_LOADER = "$(TEST_HOST)";
				CODE_SIGN_STYLE = Automatic;
				INFOPLIST_FILE = DemoTests/Info.plist;
				LD_RUNPATH_SEARCH_PATHS = "$(inherited) @executable_path/Frameworks @loader_path/Frameworks";
				PRODUCT_BUNDLE_IDENTIFIER = org.diorstone.DemoTests;
				PRODUCT_NAME = "$(TARGET_NAME)";
				SWIFT_VERSION = 4.0;
				TARGETED_DEVICE_FAMILY = "1,2";
				TEST_HOST = "$(BUILT_PRODUCTS_DIR)/Demo.app/Demo";
			};
			name = Debug;
		};
		AB20CECC2068D30E0038F90D /* Release */ = {
			isa = XCBuildConfiguration;
			baseConfigurationReference = BB4C38B61D9DEE77B0ED5143 /* Pods-DemoTests.release.xcconfig */;
			buildSettings = {
				BUNDLE_LOADER = "$(TEST_HOST)";
				CODE_SIGN_STYLE = Automatic;
				INFOPLIST_FILE = DemoTests/Info.plist;
				LD_RUNPATH_SEARCH_PATHS = "$(inherited) @executable_path/Frameworks @loader_path/Frameworks";
				PRODUCT_BUNDLE_IDENTIFIER = org.diorstone.DemoTests;
				PRODUCT_NAME = "$(TARGET_NAME)";
				SWIFT_VERSION = 4.0;
				TARGETED_DEVICE_FAMILY = "1,2";
				TEST_HOST = "$(BUILT_PRODUCTS_DIR)/Demo.app/Demo";
			};
			name = Release;
		};
/* End XCBuildConfiguration section */

/* Begin XCConfigurationList section */
		AB20CEA32068D2090038F90D /* Build configuration list for PBXProject "Demo" */ = {
			isa = XCConfigurationList;
			buildConfigurations = (
				AB20CEB82068D2090038F90D /* Debug */,
				AB20CEB92068D2090038F90D /* Release */,
			);
			defaultConfigurationIsVisible = 0;
			defaultConfigurationName = Release;
		};
		AB20CEBA2068D2090038F90D /* Build configuration list for PBXNativeTarget "Demo" */ = {
			isa = XCConfigurationList;
			buildConfigurations = (
				AB20CEBB2068D2090038F90D /* Debug */,
				AB20CEBC2068D2090038F90D /* Release */,
			);
			defaultConfigurationIsVisible = 0;
			defaultConfigurationName = Release;
		};
		AB20CECA2068D30E0038F90D /* Build configuration list for PBXNativeTarget "DemoTests" */ = {
			isa = XCConfigurationList;
			buildConfigurations = (
				AB20CECB2068D30E0038F90D /* Debug */,
				AB20CECC2068D30E0038F90D /* Release */,
			);
			defaultConfigurationIsVisible = 0;
			defaultConfigurationName = Release;
		};
/* End XCConfigurationList section */
	};
	rootObject = AB20CEA02068D2090038F90D /* Project object */;
}
